
Microsoft Visual Studio Solution File, Format Version 12.00
# Visual Studio Version 17
VisualStudioVersion = 17.1.32210.238
MinimumVisualStudioVersion = 10.0.40219.1
Project("{FAE04EC0-301F-11D3-BF4B-00C04F79EFBC}") = "StoreMiniApp.API", "StoreMiniApp.API\StoreMiniApp.API.csproj", "{485A8A7C-752F-4CEF-886E-E4E720410F72}"
EndProject
Project("{FAE04EC0-301F-11D3-BF4B-00C04F79EFBC}") = "StoreMiniApp.UnitTest", "StoreMiniApp.UnitTest\StoreMiniApp.UnitTest.csproj", "{ABD5DD82-5F98-4114-A8C9-0328F353F1B7}"
EndProject
Global
	GlobalSection(SolutionConfigurationPlatforms) = preSolution
		Debug|Any CPU = Debug|Any CPU
		Release|Any CPU = Release|Any CPU
	EndGlobalSection
	GlobalSection(ProjectConfigurationPlatforms) = postSolution
		{485A8A7C-752F-4CEF-886E-E4E720410F72}.Debug|Any CPU.ActiveCfg = Debug|Any CPU
		{485A8A7C-752F-4CEF-886E-E4E720410F72}.Debug|Any CPU.Build.0 = Debug|Any CPU
		{485A8A7C-752F-4CEF-886E-E4E720410F72}.Release|Any CPU.ActiveCfg = Release|Any CPU
		{485A8A7C-752F-4CEF-886E-E4E720410F72}.Release|Any CPU.Build.0 = Release|Any CPU
		{ABD5DD82-5F98-4114-A8C9-0328F353F1B7}.Debug|Any CPU.ActiveCfg = Debug|Any CPU
		{ABD5DD82-5F98-4114-A8C9-0328F353F1B7}.Debug|Any CPU.Build.0 = Debug|Any CPU
		{ABD5DD82-5F98-4114-A8C9-0328F353F1B7}.Release|Any CPU.ActiveCfg = Release|Any CPU
		{ABD5DD82-5F98-4114-A8C9-0328F353F1B7}.Release|Any CPU.Build.0 = Release|Any CPU
	EndGlobalSection
	GlobalSection(SolutionProperties) = preSolution
		HideSolutionNode = FALSE
	EndGlobalSection
	GlobalSection(ExtensibilityGlobals) = postSolution
		SolutionGuid = {122013DF-144F-49B6-9FB7-FFE0A5F12BFB}
	EndGlobalSection
EndGlobal
